// !$*UTF8*$!
{
	archiveVersion = 1;
	classes = {
	};
	objectVersion = 50;
	objects = {

/* Begin PBXBuildFile section */
		2956F448233E8B68000C98FD /* AppDelegate.swift in Sources */ = {isa = PBXBuildFile; fileRef = 2956F447233E8B68000C98FD /* AppDelegate.swift */; };
		2956F44A233E8B68000C98FD /* SceneDelegate.swift in Sources */ = {isa = PBXBuildFile; fileRef = 2956F449233E8B68000C98FD /* SceneDelegate.swift */; };
		2956F44C233E8B68000C98FD /* ViewController.swift in Sources */ = {isa = PBXBuildFile; fileRef = 2956F44B233E8B68000C98FD /* ViewController.swift */; };
		2956F44F233E8B68000C98FD /* Main.storyboard in Resources */ = {isa = PBXBuildFile; fileRef = 2956F44D233E8B68000C98FD /* Main.storyboard */; };
		2956F451233E8B69000C98FD /* Assets.xcassets in Resources */ = {isa = PBXBuildFile; fileRef = 2956F450233E8B69000C98FD /* Assets.xcassets */; };
		2956F454233E8B69000C98FD /* LaunchScreen.storyboard in Resources */ = {isa = PBXBuildFile; fileRef = 2956F452233E8B69000C98FD /* LaunchScreen.storyboard */; };
/* End PBXBuildFile section */

/* Begin PBXFileReference section */
		2956F444233E8B68000C98FD /* Ch6 EqualSpacing.app */ = {isa = PBXFileReference; explicitFileType = wrapper.application; includeInIndex = 0; path = "Ch6 EqualSpacing.app"; sourceTree = BUILT_PRODUCTS_DIR; };
		2956F447233E8B68000C98FD /* AppDelegate.swift */ = {isa = PBXFileReference; lastKnownFileType = sourcecode.swift; path = AppDelegate.swift; sourceTree = "<group>"; };
		2956F449233E8B68000C98FD /* SceneDelegate.swift */ = {isa = PBXFileReference; lastKnownFileType = sourcecode.swift; path = SceneDelegate.swift; sourceTree = "<group>"; };
		2956F44B233E8B68000C98FD /* ViewController.swift */ = {isa = PBXFileReference; lastKnownFileType = sourcecode.swift; path = ViewController.swift; sourceTree = "<group>"; };
		2956F44E233E8B68000C98FD /* Base */ = {isa = PBXFileReference; lastKnownFileType = file.storyboard; name = Base; path = Base.lproj/Main.storyboard; sourceTree = "<group>"; };
		2956F450233E8B69000C98FD /* Assets.xcassets */ = {isa = PBXFileReference; lastKnownFileType = folder.assetcatalog; path = Assets.xcassets; sourceTree = "<group>"; };
		2956F453233E8B69000C98FD /* Base */ = {isa = PBXFileReference; lastKnownFileType = file.storyboard; name = Base; path = Base.lproj/LaunchScreen.storyboard; sourceTree = "<group>"; };
		2956F455233E8B69000C98FD /* Info.plist */ = {isa = PBXFileReference; lastKnownFileType = text.plist.xml; path = Info.plist; sourceTree = "<group>"; };
/* End PBXFileReference section */

/* Begin PBXFrameworksBuildPhase section */
		2956F441233E8B68000C98FD /* Frameworks */ = {
			isa = PBXFrameworksBuildPhase;
			buildActionMask = 2147483647;
			files = (
			);
			runOnlyForDeploymentPostprocessing = 0;
		};
/* End PBXFrameworksBuildPhase section */

/* Begin PBXGroup section */
		2956F43B233E8B67000C98FD = {
			isa = PBXGroup;
			children = (
				2956F446233E8B68000C98FD /* Ch6 EqualSpacing */,
				2956F445233E8B68000C98FD /* Products */,
			);
			sourceTree = "<group>";
		};
		2956F445233E8B68000C98FD /* Products */ = {
			isa = PBXGroup;
			children = (
				2956F444233E8B68000C98FD /* Ch6 EqualSpacing.app */,
			);
			name = Products;
			sourceTree = "<group>";
		};
		2956F446233E8B68000C98FD /* Ch6 EqualSpacing */ = {
			isa = PBXGroup;
			children = (
				2956F447233E8B68000C98FD /* AppDelegate.swift */,
				2956F449233E8B68000C98FD /* SceneDelegate.swift */,
				2956F44B233E8B68000C98FD /* ViewController.swift */,
				2956F44D233E8B68000C98FD /* Main.storyboard */,
				2956F450233E8B69000C98FD /* Assets.xcassets */,
				2956F452233E8B69000C98FD /* LaunchScreen.storyboard */,
				2956F455233E8B69000C98FD /* Info.plist */,
			);
			path = "Ch6 EqualSpacing";
			sourceTree = "<group>";
		};
/* End PBXGroup section */

/* Begin PBXNativeTarget section */
		2956F443233E8B68000C98FD /* Ch6 EqualSpacing */ = {
			isa = PBXNativeTarget;
			buildConfigurationList = 2956F458233E8B69000C98FD /* Build configuration list for PBXNativeTarget "Ch6 EqualSpacing" */;
			buildPhases = (
				2956F440233E8B68000C98FD /* Sources */,
				2956F441233E8B68000C98FD /* Frameworks */,
				2956F442233E8B68000C98FD /* Resources */,
			);
			buildRules = (
			);
			dependencies = (
			);
			name = "Ch6 EqualSpacing";
			productName = "Ch6 EqualSpacing";
			productReference = 2956F444233E8B68000C98FD /* Ch6 EqualSpacing.app */;
			productType = "com.apple.product-type.application";
		};
/* End PBXNativeTarget section */

/* Begin PBXProject section */
		2956F43C233E8B67000C98FD /* Project object */ = {
			isa = PBXProject;
			attributes = {
				LastSwiftUpdateCheck = 1100;
				LastUpgradeCheck = 1100;
				ORGANIZATIONNAME = "Victor Ruiz";
				TargetAttributes = {
					2956F443233E8B68000C98FD = {
						CreatedOnToolsVersion = 11.0;
					};
				};
			};
			buildConfigurationList = 2956F43F233E8B67000C98FD /* Build configuration list for PBXProject "Ch6 EqualSpacing" */;
			compatibilityVersion = "Xcode 9.3";
			developmentRegion = en;
			hasScannedForEncodings = 0;
			knownRegions = (
				en,
				Base,
			);
			mainGroup = 2956F43B233E8B67000C98FD;
			productRefGroup = 2956F445233E8B68000C98FD /* Products */;
			projectDirPath = "";
			projectRoot = "";
			targets = (
				2956F443233E8B68000C98FD /* Ch6 EqualSpacing */,
			);
		};
/* End PBXProject section */

/* Begin PBXResourcesBuildPhase section */
		2956F442233E8B68000C98FD /* Resources */ = {
			isa = PBXResourcesBuildPhase;
			buildActionMask = 2147483647;
			files = (
				2956F454233E8B69000C98FD /* LaunchScreen.storyboard in Resources */,
				2956F451233E8B69000C98FD /* Assets.xcassets in Resources */,
				2956F44F233E8B68000C98FD /* Main.storyboard in Resources */,
			);
			runOnlyForDeploymentPostprocessing = 0;
		};
/* End PBXResourcesBuildPhase section */

/* Begin PBXSourcesBuildPhase section */
		2956F440233E8B68000C98FD /* Sources */ = {
			isa = PBXSourcesBuildPhase;
			buildActionMask = 2147483647;
			files = (
				2956F44C233E8B68000C98FD /* ViewController.swift in Sources */,
				2956F448233E8B68000C98FD /* AppDelegate.swift in Sources */,
				2956F44A233E8B68000C98FD /* SceneDelegate.swift in Sources */,
			);
			runOnlyForDeploymentPostprocessing = 0;
		};
/* End PBXSourcesBuildPhase section */

/* Begin PBXVariantGroup section */
		2956F44D233E8B68000C98FD /* Main.storyboard */ = {
			isa = PBXVariantGroup;
			children = (
				2956F44E233E8B68000C98FD /* Base */,
			);
			name = Main.storyboard;
			sourceTree = "<group>";
		};
		2956F452233E8B69000C98FD /* LaunchScreen.storyboard */ = {
			isa = PBXVariantGroup;
			children = (
				2956F453233E8B69000C98FD /* Base */,
			);
			name = LaunchScreen.storyboard;
			sourceTree = "<group>";
		};
/* End PBXVariantGroup section */

/* Begin XCBuildConfiguration section */
		2956F456233E8B69000C98FD /* Debug */ = {
			isa = XCBuildConfiguration;
			buildSettings = {
				ALWAYS_SEARCH_USER_PATHS = NO;
				CLANG_ANALYZER_NONNULL = YES;
				CLANG_ANALYZER_NUMBER_OBJECT_CONVERSION = YES_AGGRESSIVE;
				CLANG_CXX_LANGUAGE_STANDARD = "gnu++14";
				CLANG_CXX_LIBRARY = "libc++";
				CLANG_ENABLE_MODULES = YES;
				CLANG_ENABLE_OBJC_ARC = YES;
				CLANG_ENABLE_OBJC_WEAK = YES;
				CLANG_WARN_BLOCK_CAPTURE_AUTORELEASING = YES;
				CLANG_WARN_BOOL_CONVERSION = YES;
				CLANG_WARN_COMMA = YES;
				CLANG_WARN_CONSTANT_CONVERSION = YES;
				CLANG_WARN_DEPRECATED_OBJC_IMPLEMENTATIONS = YES;
				CLANG_WARN_DIRECT_OBJC_ISA_USAGE = YES_ERROR;
				CLANG_WARN_DOCUMENTATION_COMMENTS = YES;
				CLANG_WARN_EMPTY_BODY = YES;
				CLANG_WARN_ENUM_CONVERSION = YES;
				CLANG_WARN_INFINITE_RECURSION = YES;
				CLANG_WARN_INT_CONVERSION = YES;
				CLANG_WARN_NON_LITERAL_NULL_CONVERSION = YES;
				CLANG_WARN_OBJC_IMPLICIT_RETAIN_SELF = YES;
				CLANG_WARN_OBJC_LITERAL_CONVERSION = YES;
				CLANG_WARN_OBJC_ROOT_CLASS = YES_ERROR;
				CLANG_WARN_RANGE_LOOP_ANALYSIS = YES;
				CLANG_WARN_STRICT_PROTOTYPES = YES;
				CLANG_WARN_SUSPICIOUS_MOVE = YES;
				CLANG_WARN_UNGUARDED_AVAILABILITY = YES_AGGRESSIVE;
				CLANG_WARN_UNREACHABLE_CODE = YES;
				CLANG_WARN__DUPLICATE_METHOD_MATCH = YES;
				COPY_PHASE_STRIP = NO;
				DEBUG_INFORMATION_FORMAT = dwarf;
				ENABLE_STRICT_OBJC_MSGSEND = YES;
				ENABLE_TESTABILITY = YES;
				GCC_C_LANGUAGE_STANDARD = gnu11;
				GCC_DYNAMIC_NO_PIC = NO;
				GCC_NO_COMMON_BLOCKS = YES;
				GCC_OPTIMIZATION_LEVEL = 0;
				GCC_PREPROCESSOR_DEFINITIONS = (
					"DEBUG=1",
					"$(inherited)",
				);
				GCC_WARN_64_TO_32_BIT_CONVERSION = YES;
				GCC_WARN_ABOUT_RETURN_TYPE = YES_ERROR;
				GCC_WARN_UNDECLARED_SELECTOR = YES;
				GCC_WARN_UNINITIALIZED_AUTOS = YES_AGGRESSIVE;
				GCC_WARN_UNUSED_FUNCTION = YES;
				GCC_WARN_UNUSED_VARIABLE = YES;
				IPHONEOS_DEPLOYMENT_TARGET = 13.0;
				MTL_ENABLE_DEBUG_INFO = INCLUDE_SOURCE;
				MTL_FAST_MATH = YES;
				ONLY_ACTIVE_ARCH = YES;
				SDKROOT = iphoneos;
				SWIFT_ACTIVE_COMPILATION_CONDITIONS = DEBUG;
				SWIFT_OPTIMIZATION_LEVEL = "-Onone";
			};
			name = Debug;
		};
		2956F457233E8B69000C98FD /* Release */ = {
			isa = XCBuildConfiguration;
			buildSettings = {
				ALWAYS_SEARCH_USER_PATHS = NO;
				CLANG_ANALYZER_NONNULL = YES;
				CLANG_ANALYZER_NUMBER_OBJECT_CONVERSION = YES_AGGRESSIVE;
				CLANG_CXX_LANGUAGE_STANDARD = "gnu++14";
				CLANG_CXX_LIBRARY = "libc++";
				CLANG_ENABLE_MODULES = YES;
				CLANG_ENABLE_OBJC_ARC = YES;
				CLANG_ENABLE_OBJC_WEAK = YES;
				CLANG_WARN_BLOCK_CAPTURE_AUTORELEASING = YES;
				CLANG_WARN_BOOL_CONVERSION = YES;
				CLANG_WARN_COMMA = YES;
				CLANG_WARN_CONSTANT_CONVERSION = YES;
				CLANG_WARN_DEPRECATED_OBJC_IMPLEMENTATIONS = YES;
				CLANG_WARN_DIRECT_OBJC_ISA_USAGE = YES_ERROR;
				CLANG_WARN_DOCUMENTATION_COMMENTS = YES;
				CLANG_WARN_EMPTY_BODY = YES;
				CLANG_WARN_ENUM_CONVERSION = YES;
				CLANG_WARN_INFINITE_RECURSION = YES;
				CLANG_WARN_INT_CONVERSION = YES;
				CLANG_WARN_NON_LITERAL_NULL_CONVERSION = YES;
				CLANG_WARN_OBJC_IMPLICIT_RETAIN_SELF = YES;
				CLANG_WARN_OBJC_LITERAL_CONVERSION = YES;
				CLANG_WARN_OBJC_ROOT_CLASS = YES_ERROR;
				CLANG_WARN_RANGE_LOOP_ANALYSIS = YES;
				CLANG_WARN_STRICT_PROTOTYPES = YES;
				CLANG_WARN_SUSPICIOUS_MOVE = YES;
				CLANG_WARN_UNGUARDED_AVAILABILITY = YES_AGGRESSIVE;
				CLANG_WARN_UNREACHABLE_CODE = YES;
				CLANG_WARN__DUPLICATE_METHOD_MATCH = YES;
				COPY_PHASE_STRIP = NO;
				DEBUG_INFORMATION_FORMAT = "dwarf-with-dsym";
				ENABLE_NS_ASSERTIONS = NO;
				ENABLE_STRICT_OBJC_MSGSEND = YES;
				GCC_C_LANGUAGE_STANDARD = gnu11;
				GCC_NO_COMMON_BLOCKS = YES;
				GCC_WARN_64_TO_32_BIT_CONVERSION = YES;
				GCC_WARN_ABOUT_RETURN_TYPE = YES_ERROR;
				GCC_WARN_UNDECLARED_SELECTOR = YES;
				GCC_WARN_UNINITIALIZED_AUTOS = YES_AGGRESSIVE;
				GCC_WARN_UNUSED_FUNCTION = YES;
				GCC_WARN_UNUSED_VARIABLE = YES;
				IPHONEOS_DEPLOYMENT_TARGET = 13.0;
				MTL_ENABLE_DEBUG_INFO = NO;
				MTL_FAST_MATH = YES;
				SDKROOT = iphoneos;
				SWIFT_COMPILATION_MODE = wholemodule;
				SWIFT_OPTIMIZATION_LEVEL = "-O";
				VALIDATE_PRODUCT = YES;
			};
			name = Release;
		};
		2956F459233E8B69000C98FD /* Debug */ = {
			isa = XCBuildConfiguration;
			buildSettings = {
				ASSETCATALOG_COMPILER_APPICON_NAME = AppIcon;
				CODE_SIGN_STYLE = Automatic;
				DEVELOPMENT_TEAM = J8P65BP27D;
				INFOPLIST_FILE = "Ch6 EqualSpacing/Info.plist";
				LD_RUNPATH_SEARCH_PATHS = (
					"$(inherited)",
					"@executable_path/Frameworks",
				);
				PRODUCT_BUNDLE_IDENTIFIER = "com.vgruiz.Ch6-EqualSpacing";
				PRODUCT_NAME = "$(TARGET_NAME)";
				SWIFT_VERSION = 5.0;
				TARGETED_DEVICE_FAMILY = "1,2";
			};
			name = Debug;
		};
		2956F45A233E8B69000C98FD /* Release */ = {
			isa = XCBuildConfiguration;
			buildSettings = {
				ASSETCATALOG_COMPILER_APPICON_NAME = AppIcon;
				CODE_SIGN_STYLE = Automatic;
				DEVELOPMENT_TEAM = J8P65BP27D;
				INFOPLIST_FILE = "Ch6 EqualSpacing/Info.plist";
				LD_RUNPATH_SEARCH_PATHS = (
					"$(inherited)",
					"@executable_path/Frameworks",
				);
				PRODUCT_BUNDLE_IDENTIFIER = "com.vgruiz.Ch6-EqualSpacing";
				PRODUCT_NAME = "$(TARGET_NAME)";
				SWIFT_VERSION = 5.0;
				TARGETED_DEVICE_FAMILY = "1,2";
			};
			name = Release;
		};
/* End XCBuildConfiguration section */

/* Begin XCConfigurationList section */
		2956F43F233E8B67000C98FD /* Build configuration list for PBXProject "Ch6 EqualSpacing" */ = {
			isa = XCConfigurationList;
			buildConfigurations = (
				2956F456233E8B69000C98FD /* Debug */,
				2956F457233E8B69000C98FD /* Release */,
			);
			defaultConfigurationIsVisible = 0;
			defaultConfigurationName = Release;
		};
		2956F458233E8B69000C98FD /* Build configuration list for PBXNativeTarget "Ch6 EqualSpacing" */ = {
			isa = XCConfigurationList;
			buildConfigurations = (
				2956F459233E8B69000C98FD /* Debug */,
				2956F45A233E8B69000C98FD /* Release */,
			);
			defaultConfigurationIsVisible = 0;
			defaultConfigurationName = Release;
		};
/* End XCConfigurationList section */
	};
	rootObject = 2956F43C233E8B67000C98FD /* Project object */;
}
