// !$*UTF8*$!
{
	archiveVersion = 1;
	classes = {
	};
	objectVersion = 50;
	objects = {

/* Begin PBXBuildFile section */
		2974A5FC233051DF000C4890 /* AppDelegate.swift in Sources */ = {isa = PBXBuildFile; fileRef = 2974A5FB233051DF000C4890 /* AppDelegate.swift */; };
		2974A5FE233051DF000C4890 /* ViewController.swift in Sources */ = {isa = PBXBuildFile; fileRef = 2974A5FD233051DF000C4890 /* ViewController.swift */; };
		2974A601233051DF000C4890 /* Main.storyboard in Resources */ = {isa = PBXBuildFile; fileRef = 2974A5FF233051DF000C4890 /* Main.storyboard */; };
		2974A603233051E1000C4890 /* Assets.xcassets in Resources */ = {isa = PBXBuildFile; fileRef = 2974A602233051E1000C4890 /* Assets.xcassets */; };
		2974A606233051E1000C4890 /* LaunchScreen.storyboard in Resources */ = {isa = PBXBuildFile; fileRef = 2974A604233051E1000C4890 /* LaunchScreen.storyboard */; };
		2974A60E2331B99A000C4890 /* TileView.swift in Sources */ = {isa = PBXBuildFile; fileRef = 2974A60D2331B99A000C4890 /* TileView.swift */; };
/* End PBXBuildFile section */

/* Begin PBXFileReference section */
		2974A5F8233051DF000C4890 /* Modern Auto Layout Chapter 1.app */ = {isa = PBXFileReference; explicitFileType = wrapper.application; includeInIndex = 0; path = "Modern Auto Layout Chapter 1.app"; sourceTree = BUILT_PRODUCTS_DIR; };
		2974A5FB233051DF000C4890 /* AppDelegate.swift */ = {isa = PBXFileReference; lastKnownFileType = sourcecode.swift; path = AppDelegate.swift; sourceTree = "<group>"; };
		2974A5FD233051DF000C4890 /* ViewController.swift */ = {isa = PBXFileReference; lastKnownFileType = sourcecode.swift; path = ViewController.swift; sourceTree = "<group>"; };
		2974A600233051DF000C4890 /* Base */ = {isa = PBXFileReference; lastKnownFileType = file.storyboard; name = Base; path = Base.lproj/Main.storyboard; sourceTree = "<group>"; };
		2974A602233051E1000C4890 /* Assets.xcassets */ = {isa = PBXFileReference; lastKnownFileType = folder.assetcatalog; path = Assets.xcassets; sourceTree = "<group>"; };
		2974A605233051E1000C4890 /* Base */ = {isa = PBXFileReference; lastKnownFileType = file.storyboard; name = Base; path = Base.lproj/LaunchScreen.storyboard; sourceTree = "<group>"; };
		2974A607233051E1000C4890 /* Info.plist */ = {isa = PBXFileReference; lastKnownFileType = text.plist.xml; path = Info.plist; sourceTree = "<group>"; };
		2974A60D2331B99A000C4890 /* TileView.swift */ = {isa = PBXFileReference; lastKnownFileType = sourcecode.swift; path = TileView.swift; sourceTree = "<group>"; };
/* End PBXFileReference section */

/* Begin PBXFrameworksBuildPhase section */
		2974A5F5233051DF000C4890 /* Frameworks */ = {
			isa = PBXFrameworksBuildPhase;
			buildActionMask = 2147483647;
			files = (
			);
			runOnlyForDeploymentPostprocessing = 0;
		};
/* End PBXFrameworksBuildPhase section */

/* Begin PBXGroup section */
		2974A5EF233051DF000C4890 = {
			isa = PBXGroup;
			children = (
				2974A5FA233051DF000C4890 /* Modern Auto Layout Chapter 1 */,
				2974A5F9233051DF000C4890 /* Products */,
			);
			sourceTree = "<group>";
		};
		2974A5F9233051DF000C4890 /* Products */ = {
			isa = PBXGroup;
			children = (
				2974A5F8233051DF000C4890 /* Modern Auto Layout Chapter 1.app */,
			);
			name = Products;
			sourceTree = "<group>";
		};
		2974A5FA233051DF000C4890 /* Modern Auto Layout Chapter 1 */ = {
			isa = PBXGroup;
			children = (
				2974A5FB233051DF000C4890 /* AppDelegate.swift */,
				2974A5FD233051DF000C4890 /* ViewController.swift */,
				2974A5FF233051DF000C4890 /* Main.storyboard */,
				2974A60D2331B99A000C4890 /* TileView.swift */,
				2974A602233051E1000C4890 /* Assets.xcassets */,
				2974A604233051E1000C4890 /* LaunchScreen.storyboard */,
				2974A607233051E1000C4890 /* Info.plist */,
			);
			path = "Modern Auto Layout Chapter 1";
			sourceTree = "<group>";
		};
/* End PBXGroup section */

/* Begin PBXNativeTarget section */
		2974A5F7233051DF000C4890 /* Modern Auto Layout Chapter 1 */ = {
			isa = PBXNativeTarget;
			buildConfigurationList = 2974A60A233051E1000C4890 /* Build configuration list for PBXNativeTarget "Modern Auto Layout Chapter 1" */;
			buildPhases = (
				2974A5F4233051DF000C4890 /* Sources */,
				2974A5F5233051DF000C4890 /* Frameworks */,
				2974A5F6233051DF000C4890 /* Resources */,
			);
			buildRules = (
			);
			dependencies = (
			);
			name = "Modern Auto Layout Chapter 1";
			productName = "Modern Auto Layout Chapter 1";
			productReference = 2974A5F8233051DF000C4890 /* Modern Auto Layout Chapter 1.app */;
			productType = "com.apple.product-type.application";
		};
/* End PBXNativeTarget section */

/* Begin PBXProject section */
		2974A5F0233051DF000C4890 /* Project object */ = {
			isa = PBXProject;
			attributes = {
				LastSwiftUpdateCheck = 1030;
				LastUpgradeCheck = 1030;
				ORGANIZATIONNAME = "Victor Ruiz";
				TargetAttributes = {
					2974A5F7233051DF000C4890 = {
						CreatedOnToolsVersion = 10.3;
					};
				};
			};
			buildConfigurationList = 2974A5F3233051DF000C4890 /* Build configuration list for PBXProject "Modern Auto Layout Chapter 1" */;
			compatibilityVersion = "Xcode 9.3";
			developmentRegion = en;
			hasScannedForEncodings = 0;
			knownRegions = (
				en,
				Base,
			);
			mainGroup = 2974A5EF233051DF000C4890;
			productRefGroup = 2974A5F9233051DF000C4890 /* Products */;
			projectDirPath = "";
			projectRoot = "";
			targets = (
				2974A5F7233051DF000C4890 /* Modern Auto Layout Chapter 1 */,
			);
		};
/* End PBXProject section */

/* Begin PBXResourcesBuildPhase section */
		2974A5F6233051DF000C4890 /* Resources */ = {
			isa = PBXResourcesBuildPhase;
			buildActionMask = 2147483647;
			files = (
				2974A606233051E1000C4890 /* LaunchScreen.storyboard in Resources */,
				2974A603233051E1000C4890 /* Assets.xcassets in Resources */,
				2974A601233051DF000C4890 /* Main.storyboard in Resources */,
			);
			runOnlyForDeploymentPostprocessing = 0;
		};
/* End PBXResourcesBuildPhase section */

/* Begin PBXSourcesBuildPhase section */
		2974A5F4233051DF000C4890 /* Sources */ = {
			isa = PBXSourcesBuildPhase;
			buildActionMask = 2147483647;
			files = (
				2974A5FE233051DF000C4890 /* ViewController.swift in Sources */,
				2974A60E2331B99A000C4890 /* TileView.swift in Sources */,
				2974A5FC233051DF000C4890 /* AppDelegate.swift in Sources */,
			);
			runOnlyForDeploymentPostprocessing = 0;
		};
/* End PBXSourcesBuildPhase section */

/* Begin PBXVariantGroup section */
		2974A5FF233051DF000C4890 /* Main.storyboard */ = {
			isa = PBXVariantGroup;
			children = (
				2974A600233051DF000C4890 /* Base */,
			);
			name = Main.storyboard;
			sourceTree = "<group>";
		};
		2974A604233051E1000C4890 /* LaunchScreen.storyboard */ = {
			isa = PBXVariantGroup;
			children = (
				2974A605233051E1000C4890 /* Base */,
			);
			name = LaunchScreen.storyboard;
			sourceTree = "<group>";
		};
/* End PBXVariantGroup section */

/* Begin XCBuildConfiguration section */
		2974A608233051E1000C4890 /* Debug */ = {
			isa = XCBuildConfiguration;
			buildSettings = {
				ALWAYS_SEARCH_USER_PATHS = NO;
				CLANG_ANALYZER_NONNULL = YES;
				CLANG_ANALYZER_NUMBER_OBJECT_CONVERSION = YES_AGGRESSIVE;
				CLANG_CXX_LANGUAGE_STANDARD = "gnu++14";
				CLANG_CXX_LIBRARY = "libc++";
				CLANG_ENABLE_MODULES = YES;
				CLANG_ENABLE_OBJC_ARC = YES;
				CLANG_ENABLE_OBJC_WEAK = YES;
				CLANG_WARN_BLOCK_CAPTURE_AUTORELEASING = YES;
				CLANG_WARN_BOOL_CONVERSION = YES;
				CLANG_WARN_COMMA = YES;
				CLANG_WARN_CONSTANT_CONVERSION = YES;
				CLANG_WARN_DEPRECATED_OBJC_IMPLEMENTATIONS = YES;
				CLANG_WARN_DIRECT_OBJC_ISA_USAGE = YES_ERROR;
				CLANG_WARN_DOCUMENTATION_COMMENTS = YES;
				CLANG_WARN_EMPTY_BODY = YES;
				CLANG_WARN_ENUM_CONVERSION = YES;
				CLANG_WARN_INFINITE_RECURSION = YES;
				CLANG_WARN_INT_CONVERSION = YES;
				CLANG_WARN_NON_LITERAL_NULL_CONVERSION = YES;
				CLANG_WARN_OBJC_IMPLICIT_RETAIN_SELF = YES;
				CLANG_WARN_OBJC_LITERAL_CONVERSION = YES;
				CLANG_WARN_OBJC_ROOT_CLASS = YES_ERROR;
				CLANG_WARN_RANGE_LOOP_ANALYSIS = YES;
				CLANG_WARN_STRICT_PROTOTYPES = YES;
				CLANG_WARN_SUSPICIOUS_MOVE = YES;
				CLANG_WARN_UNGUARDED_AVAILABILITY = YES_AGGRESSIVE;
				CLANG_WARN_UNREACHABLE_CODE = YES;
				CLANG_WARN__DUPLICATE_METHOD_MATCH = YES;
				CODE_SIGN_IDENTITY = "iPhone Developer";
				COPY_PHASE_STRIP = NO;
				DEBUG_INFORMATION_FORMAT = dwarf;
				ENABLE_STRICT_OBJC_MSGSEND = YES;
				ENABLE_TESTABILITY = YES;
				GCC_C_LANGUAGE_STANDARD = gnu11;
				GCC_DYNAMIC_NO_PIC = NO;
				GCC_NO_COMMON_BLOCKS = YES;
				GCC_OPTIMIZATION_LEVEL = 0;
				GCC_PREPROCESSOR_DEFINITIONS = (
					"DEBUG=1",
					"$(inherited)",
				);
				GCC_WARN_64_TO_32_BIT_CONVERSION = YES;
				GCC_WARN_ABOUT_RETURN_TYPE = YES_ERROR;
				GCC_WARN_UNDECLARED_SELECTOR = YES;
				GCC_WARN_UNINITIALIZED_AUTOS = YES_AGGRESSIVE;
				GCC_WARN_UNUSED_FUNCTION = YES;
				GCC_WARN_UNUSED_VARIABLE = YES;
				IPHONEOS_DEPLOYMENT_TARGET = 12.4;
				MTL_ENABLE_DEBUG_INFO = INCLUDE_SOURCE;
				MTL_FAST_MATH = YES;
				ONLY_ACTIVE_ARCH = YES;
				SDKROOT = iphoneos;
				SWIFT_ACTIVE_COMPILATION_CONDITIONS = DEBUG;
				SWIFT_OPTIMIZATION_LEVEL = "-Onone";
			};
			name = Debug;
		};
		2974A609233051E1000C4890 /* Release */ = {
			isa = XCBuildConfiguration;
			buildSettings = {
				ALWAYS_SEARCH_USER_PATHS = NO;
				CLANG_ANALYZER_NONNULL = YES;
				CLANG_ANALYZER_NUMBER_OBJECT_CONVERSION = YES_AGGRESSIVE;
				CLANG_CXX_LANGUAGE_STANDARD = "gnu++14";
				CLANG_CXX_LIBRARY = "libc++";
				CLANG_ENABLE_MODULES = YES;
				CLANG_ENABLE_OBJC_ARC = YES;
				CLANG_ENABLE_OBJC_WEAK = YES;
				CLANG_WARN_BLOCK_CAPTURE_AUTORELEASING = YES;
				CLANG_WARN_BOOL_CONVERSION = YES;
				CLANG_WARN_COMMA = YES;
				CLANG_WARN_CONSTANT_CONVERSION = YES;
				CLANG_WARN_DEPRECATED_OBJC_IMPLEMENTATIONS = YES;
				CLANG_WARN_DIRECT_OBJC_ISA_USAGE = YES_ERROR;
				CLANG_WARN_DOCUMENTATION_COMMENTS = YES;
				CLANG_WARN_EMPTY_BODY = YES;
				CLANG_WARN_ENUM_CONVERSION = YES;
				CLANG_WARN_INFINITE_RECURSION = YES;
				CLANG_WARN_INT_CONVERSION = YES;
				CLANG_WARN_NON_LITERAL_NULL_CONVERSION = YES;
				CLANG_WARN_OBJC_IMPLICIT_RETAIN_SELF = YES;
				CLANG_WARN_OBJC_LITERAL_CONVERSION = YES;
				CLANG_WARN_OBJC_ROOT_CLASS = YES_ERROR;
				CLANG_WARN_RANGE_LOOP_ANALYSIS = YES;
				CLANG_WARN_STRICT_PROTOTYPES = YES;
				CLANG_WARN_SUSPICIOUS_MOVE = YES;
				CLANG_WARN_UNGUARDED_AVAILABILITY = YES_AGGRESSIVE;
				CLANG_WARN_UNREACHABLE_CODE = YES;
				CLANG_WARN__DUPLICATE_METHOD_MATCH = YES;
				CODE_SIGN_IDENTITY = "iPhone Developer";
				COPY_PHASE_STRIP = NO;
				DEBUG_INFORMATION_FORMAT = "dwarf-with-dsym";
				ENABLE_NS_ASSERTIONS = NO;
				ENABLE_STRICT_OBJC_MSGSEND = YES;
				GCC_C_LANGUAGE_STANDARD = gnu11;
				GCC_NO_COMMON_BLOCKS = YES;
				GCC_WARN_64_TO_32_BIT_CONVERSION = YES;
				GCC_WARN_ABOUT_RETURN_TYPE = YES_ERROR;
				GCC_WARN_UNDECLARED_SELECTOR = YES;
				GCC_WARN_UNINITIALIZED_AUTOS = YES_AGGRESSIVE;
				GCC_WARN_UNUSED_FUNCTION = YES;
				GCC_WARN_UNUSED_VARIABLE = YES;
				IPHONEOS_DEPLOYMENT_TARGET = 12.4;
				MTL_ENABLE_DEBUG_INFO = NO;
				MTL_FAST_MATH = YES;
				SDKROOT = iphoneos;
				SWIFT_COMPILATION_MODE = wholemodule;
				SWIFT_OPTIMIZATION_LEVEL = "-O";
				VALIDATE_PRODUCT = YES;
			};
			name = Release;
		};
		2974A60B233051E1000C4890 /* Debug */ = {
			isa = XCBuildConfiguration;
			buildSettings = {
				ASSETCATALOG_COMPILER_APPICON_NAME = AppIcon;
				CODE_SIGN_STYLE = Automatic;
				DEVELOPMENT_TEAM = J8P65BP27D;
				INFOPLIST_FILE = "Modern Auto Layout Chapter 1/Info.plist";
				LD_RUNPATH_SEARCH_PATHS = (
					"$(inherited)",
					"@executable_path/Frameworks",
				);
				PRODUCT_BUNDLE_IDENTIFIER = "com.vgruiz.Modern-Auto-Layout-Chapter-1";
				PRODUCT_NAME = "$(TARGET_NAME)";
				SWIFT_VERSION = 5.0;
				TARGETED_DEVICE_FAMILY = "1,2";
			};
			name = Debug;
		};
		2974A60C233051E1000C4890 /* Release */ = {
			isa = XCBuildConfiguration;
			buildSettings = {
				ASSETCATALOG_COMPILER_APPICON_NAME = AppIcon;
				CODE_SIGN_STYLE = Automatic;
				DEVELOPMENT_TEAM = J8P65BP27D;
				INFOPLIST_FILE = "Modern Auto Layout Chapter 1/Info.plist";
				LD_RUNPATH_SEARCH_PATHS = (
					"$(inherited)",
					"@executable_path/Frameworks",
				);
				PRODUCT_BUNDLE_IDENTIFIER = "com.vgruiz.Modern-Auto-Layout-Chapter-1";
				PRODUCT_NAME = "$(TARGET_NAME)";
				SWIFT_VERSION = 5.0;
				TARGETED_DEVICE_FAMILY = "1,2";
			};
			name = Release;
		};
/* End XCBuildConfiguration section */

/* Begin XCConfigurationList section */
		2974A5F3233051DF000C4890 /* Build configuration list for PBXProject "Modern Auto Layout Chapter 1" */ = {
			isa = XCConfigurationList;
			buildConfigurations = (
				2974A608233051E1000C4890 /* Debug */,
				2974A609233051E1000C4890 /* Release */,
			);
			defaultConfigurationIsVisible = 0;
			defaultConfigurationName = Release;
		};
		2974A60A233051E1000C4890 /* Build configuration list for PBXNativeTarget "Modern Auto Layout Chapter 1" */ = {
			isa = XCConfigurationList;
			buildConfigurations = (
				2974A60B233051E1000C4890 /* Debug */,
				2974A60C233051E1000C4890 /* Release */,
			);
			defaultConfigurationIsVisible = 0;
			defaultConfigurationName = Release;
		};
/* End XCConfigurationList section */
	};
	rootObject = 2974A5F0233051DF000C4890 /* Project object */;
}
